
Microsoft Visual Studio Solution File, Format Version 12.00
# Visual Studio Version 17
VisualStudioVersion = 17.10.35013.160
MinimumVisualStudioVersion = 10.0.40219.1
Project("{FAE04EC0-301F-11D3-BF4B-00C04F79EFBC}") = "ApiConsuming", "ApiConsuming\ApiConsuming.csproj", "{9F5E5070-B10A-4778-8A19-B0681D4A682B}"
EndProject
Global
	GlobalSection(SolutionConfigurationPlatforms) = preSolution
		Debug|Any CPU = Debug|Any CPU
		Release|Any CPU = Release|Any CPU
	EndGlobalSection
	GlobalSection(ProjectConfigurationPlatforms) = postSolution
		{9F5E5070-B10A-4778-8A19-B0681D4A682B}.Debug|Any CPU.ActiveCfg = Debug|Any CPU
		{9F5E5070-B10A-4778-8A19-B0681D4A682B}.Debug|Any CPU.Build.0 = Debug|Any CPU
		{9F5E5070-B10A-4778-8A19-B0681D4A682B}.Release|Any CPU.ActiveCfg = Release|Any CPU
		{9F5E5070-B10A-4778-8A19-B0681D4A682B}.Release|Any CPU.Build.0 = Release|Any CPU
	EndGlobalSection
	GlobalSection(SolutionProperties) = preSolution
		HideSolutionNode = FALSE
	EndGlobalSection
	GlobalSection(ExtensibilityGlobals) = postSolution
		SolutionGuid = {B3F4467D-EB34-483A-9562-E8306FC30909}
	EndGlobalSection
EndGlobal
